<?xml version="1.0" encoding="utf-8"?>
<Project ToolsVersion="4.0" xmlns="http://schemas.microsoft.com/developer/msbuild/2003">
  <ItemGroup>
    <Filter Include="Source Files">
      <UniqueIdentifier>{4FC737F1-C7A5-4376-A066-2A32D752A2FF}</UniqueIdentifier>
      <Extensions>cpp;c;cc;cxx;c++;cppm;ixx;def;odl;idl;hpj;bat;asm;asmx</Extensions>
    </Filter>
    <Filter Include="Header Files">
      <UniqueIdentifier>{93995380-89BD-4b04-88EB-625FBE52EBFB}</UniqueIdentifier>
      <Extensions>h;hh;hpp;hxx;h++;hm;inl;inc;ipp;xsd</Extensions>
    </Filter>
    <Filter Include="Resource Files">
      <UniqueIdentifier>{67DA6AB6-F800-4c08-8B7A-83BB121AAD01}</UniqueIdentifier>
      <Extensions>rc;ico;cur;bmp;dlg;rc2;rct;bin;rgs;gif;jpg;jpeg;jpe;resx;tiff;tif;png;wav;mfcribbon-ms</Extensions>
    </Filter>
    <Filter Include="Shaders">
      <UniqueIdentifier>{8e5c3a8e-19e1-450a-8fa1-4ffaa7601375}</UniqueIdentifier>
    </Filter>
    <Filter Include="Header Files\Renderer">
      <UniqueIdentifier>{471baf19-402d-46d8-b9d3-92b5ae76f389}</UniqueIdentifier>
    </Filter>
    <Filter Include="Header Files\physics">
      <UniqueIdentifier>{879bee25-a26d-436e-9f0e-d7de56b30269}</UniqueIdentifier>
    </Filter>
    <Filter Include="Header Files\tools">
      <UniqueIdentifier>{3fc72d0c-fe20-486b-9cf7-f1c7c5469c82}</UniqueIdentifier>
    </Filter>
    <Filter Include="Header Files\io">
      <UniqueIdentifier>{4a29cfac-c6a9-4b26-822c-68ac73b7c730}</UniqueIdentifier>
    </Filter>
    <Filter Include="Source Files\Renderer">
      <UniqueIdentifier>{eedc92a9-fa90-4b2e-b713-5b9c4c471939}</UniqueIdentifier>
    </Filter>
    <Filter Include="Source Files\physics">
      <UniqueIdentifier>{7771a9f2-ce1c-4342-b272-95e4883912db}</UniqueIdentifier>
    </Filter>
    <Filter Include="Source Files\io">
      <UniqueIdentifier>{460eba20-5c07-4ea9-b80f-42c73ca1879a}</UniqueIdentifier>
    </Filter>
    <Filter Include="external">
      <UniqueIdentifier>{891bb34a-70ff-474d-b8db-9798deb56b18}</UniqueIdentifier>
    </Filter>
    <Filter Include="external\imgui">
      <UniqueIdentifier>{983a078f-7c39-44e9-9318-e794860e2725}</UniqueIdentifier>
    </Filter>
    <Filter Include="external\vvm">
      <UniqueIdentifier>{298d5cb3-a06d-4bef-98de-55d859886c29}</UniqueIdentifier>
    </Filter>
    <Filter Include="Header Files\system">
      <UniqueIdentifier>{2dc43ede-009b-45ba-83c5-68b2b8c34345}</UniqueIdentifier>
    </Filter>
    <Filter Include="Source Files\system">
      <UniqueIdentifier>{334a5332-dfb0-4440-8311-a4473f051286}</UniqueIdentifier>
    </Filter>
  </ItemGroup>
  <ItemGroup>
    <ClCompile Include="src\Camera.cpp">
      <Filter>Source Files</Filter>
    </ClCompile>
    <ClCompile Include="src\Console.cpp">
      <Filter>Source Files</Filter>
    </ClCompile>
    <ClCompile Include="src\HalesiaEngine.cpp">
      <Filter>Source Files</Filter>
    </ClCompile>
    <ClCompile Include="src\main.cpp">
      <Filter>Source Files</Filter>
    </ClCompile>
    <ClCompile Include="src\Object.cpp">
      <Filter>Source Files</Filter>
    </ClCompile>
    <ClCompile Include="src\SytemMetrics.cpp">
      <Filter>Source Files</Filter>
    </ClCompile>
    <ClCompile Include="src\Transform.cpp">
      <Filter>Source Files</Filter>
    </ClCompile>
    <ClCompile Include="src\Scene.cpp">
      <Filter>Source Files</Filter>
    </ClCompile>
    <ClCompile Include="src\ResourceManager.cpp">
      <Filter>Source Files</Filter>
    </ClCompile>
    <ClCompile Include="src\Intro.cpp">
      <Filter>Source Files</Filter>
    </ClCompile>
    <ClCompile Include="..\..\additionalDependencies\imgui-1.89.8\imgui-1.89.8\imgui.cpp">
      <Filter>external\imgui</Filter>
    </ClCompile>
    <ClCompile Include="..\..\additionalDependencies\imgui-1.89.8\imgui-1.89.8\imgui_demo.cpp">
      <Filter>external\imgui</Filter>
    </ClCompile>
    <ClCompile Include="..\..\additionalDependencies\imgui-1.89.8\imgui-1.89.8\imgui_draw.cpp">
      <Filter>external\imgui</Filter>
    </ClCompile>
    <ClCompile Include="..\..\additionalDependencies\imgui-1.89.8\imgui-1.89.8\imgui_tables.cpp">
      <Filter>external\imgui</Filter>
    </ClCompile>
    <ClCompile Include="..\..\additionalDependencies\imgui-1.89.8\imgui-1.89.8\imgui_widgets.cpp">
      <Filter>external\imgui</Filter>
    </ClCompile>
    <ClCompile Include="..\..\additionalDependencies\imgui-1.89.8\imgui-1.89.8\implot.cpp">
      <Filter>external\imgui</Filter>
    </ClCompile>
    <ClCompile Include="..\..\additionalDependencies\imgui-1.89.8\imgui-1.89.8\implot_demo.cpp">
      <Filter>external\imgui</Filter>
    </ClCompile>
    <ClCompile Include="..\..\additionalDependencies\imgui-1.89.8\imgui-1.89.8\implot_items.cpp">
      <Filter>external\imgui</Filter>
    </ClCompile>
    <ClCompile Include="..\..\additionalDependencies\imgui-1.89.8\imgui-1.89.8\backends\imgui_impl_vulkan.cpp">
      <Filter>external\imgui</Filter>
    </ClCompile>
    <ClCompile Include="..\..\additionalDependencies\imgui-1.89.8\imgui-1.89.8\backends\imgui_impl_win32.cpp">
      <Filter>external\imgui</Filter>
    </ClCompile>
    <ClCompile Include="..\..\additionalDependencies\imgui-1.89.8\imgui-1.89.8\misc\cpp\imgui_stdlib.cpp">
      <Filter>external\imgui</Filter>
    </ClCompile>
    <ClCompile Include="src\AccelerationStructures.cpp">
      <Filter>Source Files\Renderer</Filter>
    </ClCompile>
    <ClCompile Include="src\Buffers.cpp">
      <Filter>Source Files\Renderer</Filter>
    </ClCompile>
    <ClCompile Include="src\gui.cpp">
      <Filter>Source Files\Renderer</Filter>
    </ClCompile>
    <ClCompile Include="src\Mesh.cpp">
      <Filter>Source Files\Renderer</Filter>
    </ClCompile>
    <ClCompile Include="src\PhysicalDevice.cpp">
      <Filter>Source Files\Renderer</Filter>
    </ClCompile>
    <ClCompile Include="src\pipelineBuilder.cpp">
      <Filter>Source Files\Renderer</Filter>
    </ClCompile>
    <ClCompile Include="src\RayTracing.cpp">
      <Filter>Source Files\Renderer</Filter>
    </ClCompile>
    <ClCompile Include="src\Renderer.cpp">
      <Filter>Source Files\Renderer</Filter>
    </ClCompile>
    <ClCompile Include="src\Surface.cpp">
      <Filter>Source Files\Renderer</Filter>
    </ClCompile>
    <ClCompile Include="src\Swapchain.cpp">
      <Filter>Source Files\Renderer</Filter>
    </ClCompile>
    <ClCompile Include="src\Texture.cpp">
      <Filter>Source Files\Renderer</Filter>
    </ClCompile>
    <ClCompile Include="src\Vulkan.cpp">
      <Filter>Source Files\Renderer</Filter>
    </ClCompile>
    <ClCompile Include="src\Physics.cpp">
      <Filter>Source Files\physics</Filter>
    </ClCompile>
    <ClCompile Include="src\RigidBody.cpp">
      <Filter>Source Files\physics</Filter>
    </ClCompile>
    <ClCompile Include="src\Shapes.cpp">
      <Filter>Source Files\physics</Filter>
    </ClCompile>
    <ClCompile Include="src\SceneWriter.cpp">
      <Filter>Source Files\io</Filter>
    </ClCompile>
    <ClCompile Include="src\SceneLoader.cpp">
      <Filter>Source Files\io</Filter>
    </ClCompile>
    <ClCompile Include="..\..\additionalDependencies\vvm\VVM.cpp">
      <Filter>external\vvm</Filter>
    </ClCompile>
    <ClCompile Include="src\Window.cpp">
      <Filter>Source Files\system</Filter>
    </ClCompile>
    <ClCompile Include="src\Input.cpp">
      <Filter>Source Files\system</Filter>
    </ClCompile>
    <ClCompile Include="src\ToString.cpp">
      <Filter>Source Files</Filter>
    </ClCompile>
    <ClCompile Include="src\Material.cpp">
      <Filter>Source Files\Renderer</Filter>
    </ClCompile>
  </ItemGroup>
  <ItemGroup>
    <ClInclude Include="src\Camera.h">
      <Filter>Header Files</Filter>
    </ClInclude>
    <ClInclude Include="src\Console.h">
      <Filter>Header Files</Filter>
    </ClInclude>
    <ClInclude Include="src\CreationObjects.h">
      <Filter>Header Files</Filter>
    </ClInclude>
    <ClInclude Include="src\glm.h">
      <Filter>Header Files</Filter>
    </ClInclude>
    <ClInclude Include="src\HalesiaEngine.h">
      <Filter>Header Files</Filter>
    </ClInclude>
    <ClInclude Include="src\Object.h">
      <Filter>Header Files</Filter>
    </ClInclude>
    <ClInclude Include="src\resource.h">
      <Filter>Header Files</Filter>
    </ClInclude>
    <ClInclude Include="src\Transform.h">
      <Filter>Header Files</Filter>
    </ClInclude>
    <ClInclude Include="src\Vertex.h">
      <Filter>Header Files</Filter>
    </ClInclude>
    <ClInclude Include="src\Scene.h">
      <Filter>Header Files</Filter>
    </ClInclude>
    <ClInclude Include="src\ResourceManager.h">
      <Filter>Header Files</Filter>
    </ClInclude>
    <ClInclude Include="..\..\additionalDependencies\imgui-1.89.8\imgui-1.89.8\imconfig.h">
      <Filter>external\imgui</Filter>
    </ClInclude>
    <ClInclude Include="..\..\additionalDependencies\imgui-1.89.8\imgui-1.89.8\imgui.h">
      <Filter>external\imgui</Filter>
    </ClInclude>
    <ClInclude Include="..\..\additionalDependencies\imgui-1.89.8\imgui-1.89.8\imgui_internal.h">
      <Filter>external\imgui</Filter>
    </ClInclude>
    <ClInclude Include="..\..\additionalDependencies\imgui-1.89.8\imgui-1.89.8\imgui_single_file.h">
      <Filter>external\imgui</Filter>
    </ClInclude>
    <ClInclude Include="..\..\additionalDependencies\imgui-1.89.8\imgui-1.89.8\implot.h">
      <Filter>external\imgui</Filter>
    </ClInclude>
    <ClInclude Include="..\..\additionalDependencies\imgui-1.89.8\imgui-1.89.8\implot_internal.h">
      <Filter>external\imgui</Filter>
    </ClInclude>
    <ClInclude Include="..\..\additionalDependencies\imgui-1.89.8\imgui-1.89.8\imspinner.h">
      <Filter>external\imgui</Filter>
    </ClInclude>
    <ClInclude Include="..\..\additionalDependencies\imgui-1.89.8\imgui-1.89.8\imstb_rectpack.h">
      <Filter>external\imgui</Filter>
    </ClInclude>
    <ClInclude Include="..\..\additionalDependencies\imgui-1.89.8\imgui-1.89.8\imstb_textedit.h">
      <Filter>external\imgui</Filter>
    </ClInclude>
    <ClInclude Include="..\..\additionalDependencies\imgui-1.89.8\imgui-1.89.8\imstb_truetype.h">
      <Filter>external\imgui</Filter>
    </ClInclude>
    <ClInclude Include="..\..\additionalDependencies\imgui-1.89.8\imgui-1.89.8\backends\imgui_impl_vulkan.h">
      <Filter>external\imgui</Filter>
    </ClInclude>
    <ClInclude Include="..\..\additionalDependencies\imgui-1.89.8\imgui-1.89.8\backends\imgui_impl_win32.h">
      <Filter>external\imgui</Filter>
    </ClInclude>
    <ClInclude Include="..\..\additionalDependencies\imgui-1.89.8\imgui-1.89.8\misc\cpp\imgui_stdlib.h">
      <Filter>external\imgui</Filter>
    </ClInclude>
    <ClInclude Include="src\renderer\AccelerationStructures.h">
      <Filter>Header Files\Renderer</Filter>
    </ClInclude>
    <ClInclude Include="src\renderer\Buffers.h">
      <Filter>Header Files\Renderer</Filter>
    </ClInclude>
    <ClInclude Include="src\renderer\Intro.h">
      <Filter>Header Files\Renderer</Filter>
    </ClInclude>
    <ClInclude Include="src\renderer\Material.h">
      <Filter>Header Files\Renderer</Filter>
    </ClInclude>
    <ClInclude Include="src\renderer\Mesh.h">
      <Filter>Header Files\Renderer</Filter>
    </ClInclude>
    <ClInclude Include="src\renderer\PhysicalDevice.h">
      <Filter>Header Files\Renderer</Filter>
    </ClInclude>
    <ClInclude Include="src\renderer\PipelineBuilder.h">
      <Filter>Header Files\Renderer</Filter>
    </ClInclude>
    <ClInclude Include="src\renderer\RayTracing.h">
      <Filter>Header Files\Renderer</Filter>
    </ClInclude>
    <ClInclude Include="src\renderer\Renderer.h">
      <Filter>Header Files\Renderer</Filter>
    </ClInclude>
    <ClInclude Include="src\renderer\StorageBuffer.h">
      <Filter>Header Files\Renderer</Filter>
    </ClInclude>
    <ClInclude Include="src\renderer\Surface.h">
      <Filter>Header Files\Renderer</Filter>
    </ClInclude>
    <ClInclude Include="src\renderer\Swapchain.h">
      <Filter>Header Files\Renderer</Filter>
    </ClInclude>
    <ClInclude Include="src\renderer\Texture.h">
      <Filter>Header Files\Renderer</Filter>
    </ClInclude>
    <ClInclude Include="src\renderer\Vulkan.h">
      <Filter>Header Files\Renderer</Filter>
    </ClInclude>
    <ClInclude Include="src\physics\Physics.h">
      <Filter>Header Files\physics</Filter>
    </ClInclude>
    <ClInclude Include="src\physics\RigidBody.h">
      <Filter>Header Files\physics</Filter>
    </ClInclude>
    <ClInclude Include="src\physics\Shapes.h">
      <Filter>Header Files\physics</Filter>
    </ClInclude>
    <ClInclude Include="src\tools\CameraInjector.h">
      <Filter>Header Files\tools</Filter>
    </ClInclude>
    <ClInclude Include="src\tools\common.h">
      <Filter>Header Files\tools</Filter>
    </ClInclude>
    <ClInclude Include="src\tools\Timer.h">
      <Filter>Header Files\tools</Filter>
    </ClInclude>
    <ClInclude Include="src\io\SceneWriter.h">
      <Filter>Header Files\io</Filter>
    </ClInclude>
    <ClInclude Include="src\io\SceneLoader.h">
      <Filter>Header Files\io</Filter>
    </ClInclude>
    <ClInclude Include="src\renderer\gui.h">
      <Filter>Header Files\Renderer</Filter>
    </ClInclude>
    <ClInclude Include="..\..\additionalDependencies\vvm\VVM.hpp">
      <Filter>external\vvm</Filter>
    </ClInclude>
    <ClInclude Include="src\system\Window.h">
      <Filter>Header Files\system</Filter>
    </ClInclude>
    <ClInclude Include="src\system\SystemMetrics.h">
      <Filter>Header Files\system</Filter>
    </ClInclude>
    <ClInclude Include="src\system\Input.h">
      <Filter>Header Files\system</Filter>
    </ClInclude>
  </ItemGroup>
  <ItemGroup>
    <Image Include="icon1.ico">
      <Filter>Resource Files</Filter>
    </Image>
  </ItemGroup>
  <ItemGroup>
    <ResourceCompile Include="src\Halesia.rc">
      <Filter>Resource Files</Filter>
    </ResourceCompile>
  </ItemGroup>
  <ItemGroup>
    <None Include="shaders\uncompiled\gen.rgen">
      <Filter>Shaders</Filter>
    </None>
    <None Include="shaders\uncompiled\hit.rchit">
      <Filter>Shaders</Filter>
    </None>
    <None Include="shaders\uncompiled\intro.frag">
      <Filter>Shaders</Filter>
    </None>
    <None Include="shaders\uncompiled\intro.vert">
      <Filter>Shaders</Filter>
    </None>
    <None Include="shaders\uncompiled\miss.rmiss">
      <Filter>Shaders</Filter>
    </None>
    <None Include="shaders\uncompiled\shadow.rmiss">
      <Filter>Shaders</Filter>
    </None>
    <None Include="shaders\uncompiled\triangle.frag">
      <Filter>Shaders</Filter>
    </None>
    <None Include="shaders\uncompiled\triangle.vert">
      <Filter>Shaders</Filter>
    </None>
    <None Include="shaders\uncompiled\screen.frag">
      <Filter>Shaders</Filter>
    </None>
    <None Include="shaders\uncompiled\screen.vert">
      <Filter>Shaders</Filter>
    </None>
    <None Include="shaders\uncompiled\anim.comp">
      <Filter>Shaders</Filter>
    </None>
  </ItemGroup>
</Project>